
Microsoft Visual Studio Solution File, Format Version 12.00
# Visual Studio Version 17
VisualStudioVersion = 17.5.002.0
MinimumVisualStudioVersion = 10.0.40219.1
Project("{9A19103F-16F7-4668-BE54-9A1E7A4F7556}") = "DotNETFunctions", "DotNETFunctions.csproj", "{DF8B4BDA-1565-4CD7-AD66-FD4654F5D342}"
EndProject
Global
	GlobalSection(SolutionConfigurationPlatforms) = preSolution
		Debug|Any CPU = Debug|Any CPU
		Release|Any CPU = Release|Any CPU
	EndGlobalSection
	GlobalSection(ProjectConfigurationPlatforms) = postSolution
		{DF8B4BDA-1565-4CD7-AD66-FD4654F5D342}.Debug|Any CPU.ActiveCfg = Debug|Any CPU
		{DF8B4BDA-1565-4CD7-AD66-FD4654F5D342}.Debug|Any CPU.Build.0 = Debug|Any CPU
		{DF8B4BDA-1565-4CD7-AD66-FD4654F5D342}.Release|Any CPU.ActiveCfg = Release|Any CPU
		{DF8B4BDA-1565-4CD7-AD66-FD4654F5D342}.Release|Any CPU.Build.0 = Release|Any CPU
	EndGlobalSection
	GlobalSection(SolutionProperties) = preSolution
		HideSolutionNode = FALSE
	EndGlobalSection
	GlobalSection(ExtensibilityGlobals) = postSolution
		SolutionGuid = {B7FDC2F8-2248-48FA-A690-AAD7A6A7E279}
	EndGlobalSection
EndGlobal
